
Microsoft Visual Studio Solution File, Format Version 12.00
# Visual Studio Version 16
VisualStudioVersion = 16.0.31321.278
MinimumVisualStudioVersion = 10.0.40219.1
Project("{FAE04EC0-301F-11D3-BF4B-00C04F79EFBC}") = "TPR4", "TPR4\TPR4.csproj", "{3F69FA9F-EDCF-4229-B94B-F28DC166BFEC}"
EndProject
Global
	GlobalSection(SolutionConfigurationPlatforms) = preSolution
		Debug|Any CPU = Debug|Any CPU
		Release|Any CPU = Release|Any CPU
	EndGlobalSection
	GlobalSection(ProjectConfigurationPlatforms) = postSolution
		{3F69FA9F-EDCF-4229-B94B-F28DC166BFEC}.Debug|Any CPU.ActiveCfg = Debug|Any CPU
		{3F69FA9F-EDCF-4229-B94B-F28DC166BFEC}.Debug|Any CPU.Build.0 = Debug|Any CPU
		{3F69FA9F-EDCF-4229-B94B-F28DC166BFEC}.Release|Any CPU.ActiveCfg = Release|Any CPU
		{3F69FA9F-EDCF-4229-B94B-F28DC166BFEC}.Release|Any CPU.Build.0 = Release|Any CPU
	EndGlobalSection
	GlobalSection(SolutionProperties) = preSolution
		HideSolutionNode = FALSE
	EndGlobalSection
	GlobalSection(ExtensibilityGlobals) = postSolution
		SolutionGuid = {C8662F87-BE83-42BD-BD34-96730E94E3A8}
	EndGlobalSection
EndGlobal
